{
  "version": 4,
  "terraform_version": "1.0.7",
  "serial": 423,
  "lineage": "b05499c5-058c-d00c-e4e7-4b9cc66a7fb6",
  "outputs": {
    "load_balancer_public_ip": {
      "value": [
        "62.84.122.139"
      ],
      "type": [
        "list",
        "string"
      ]
    },
    "server_1_public_ip": {
      "value": "62.84.117.29",
      "type": "string"
    },
    "server_2_public_ip": {
      "value": "62.84.120.83",
      "type": "string"
    }
  },
  "resources": [
    {
      "mode": "managed",
      "type": "yandex_compute_instance",
      "name": "wp-app-1",
      "provider": "provider[\"registry.terraform.io/yandex-cloud/yandex\"]",
      "instances": [
        {
          "schema_version": 1,
          "attributes": {
            "allow_stopping_for_update": null,
            "boot_disk": [
              {
                "auto_delete": true,
                "device_name": "fhmvvik3g73sm1t5a89s",
                "disk_id": "fhmvvik3g73sm1t5a89s",
                "initialize_params": [
                  {
                    "description": "",
                    "image_id": "fd80viupr3qjr5g6g9du",
                    "name": "",
                    "size": 3,
                    "snapshot_id": "",
                    "type": "network-hdd"
                  }
                ],
                "mode": "READ_WRITE"
              }
            ],
            "created_at": "2021-09-23T17:59:21Z",
            "description": "",
            "folder_id": "b1gbo5pbs49sm5h8c2j9",
            "fqdn": "fhm1rtlcs8j7c84bmd1i.auto.internal",
            "hostname": "fhm1rtlcs8j7c84bmd1i",
            "id": "fhm1rtlcs8j7c84bmd1i",
            "labels": null,
            "metadata": {
              "ssh-keys": "ubuntu:ssh-rsa AAAAB3NzaC1yc2EAAAADAQABAAABgQC8MgiTVwLqitHoAB4uapy/X0JkP9f8LqXXbgtTnaP6OorbbftFAFy0pd632VvWL5V442wQ+pij+QTgOGGabZkb7sVrdARcA/wz7VM32+ymU2ISgdKhRy7hmj8/of+SyCt+l8rzojoClM2HwP6IZ5hahRbJGxG5RETlTHvV4lVDBvlNIC07LM4Gd+0Fp2sYROjEgbuaGaCpKWwUt2ESJJmyLlwtca5Xua9cCIZi9wczjxTh5ghLaPcS6q67XQHBtXDv+9h//74Q302MlG4bM7V4E+H46HGQu0rZeecMJ4jFjfLMuTVkAhXNbXDgJP3mf6Jz+51Y/UezQ+FQQdwqEysoSDF3oukSQtT0afPQLh3cSlOtpFCMYVvNdNeecUiApefx60MP1Ko9vfpQF7wyyKhfI49yRvq9gvb/ZfoU8NMdia04CW7aqGEYRI2LtHxOMv7FAJr/WHDdfnTqr22OZSNBsx+wFa3gkqm1EpuLqVqrlox7Q0Kx6hhskBkjzT7tgBM= viktor@ubuntu\n"
            },
            "name": "wp-app-1",
            "network_acceleration_type": "standard",
            "network_interface": [
              {
                "dns_record": [],
                "index": 0,
                "ip_address": "10.2.0.10",
                "ipv4": true,
                "ipv6": false,
                "ipv6_address": "",
                "ipv6_dns_record": [],
                "mac_address": "d0:0d:1d:f6:ac:e2",
                "nat": true,
                "nat_dns_record": [],
                "nat_ip_address": "62.84.117.29",
                "nat_ip_version": "IPV4",
                "security_group_ids": [],
                "subnet_id": "e9bm0fpuua4moqge9vsm"
              }
            ],
            "placement_policy": [
              {
                "placement_group_id": ""
              }
            ],
            "platform_id": "standard-v1",
            "resources": [
              {
                "core_fraction": 100,
                "cores": 2,
                "gpus": 0,
                "memory": 2
              }
            ],
            "scheduling_policy": [
              {
                "preemptible": false
              }
            ],
            "secondary_disk": [],
            "service_account_id": "",
            "status": "running",
            "timeouts": null,
            "zone": "ru-central1-a"
          },
          "sensitive_attributes": [],
          "private": "eyJlMmJmYjczMC1lY2FhLTExZTYtOGY4OC0zNDM2M2JjN2M0YzAiOnsiY3JlYXRlIjozMDAwMDAwMDAwMDAsImRlbGV0ZSI6MzAwMDAwMDAwMDAwLCJ1cGRhdGUiOjMwMDAwMDAwMDAwMH0sInNjaGVtYV92ZXJzaW9uIjoiMSJ9",
          "dependencies": [
            "yandex_vpc_network.wp-network",
            "yandex_vpc_subnet.wp-subnet-a"
          ]
        }
      ]
    },
    {
      "mode": "managed",
      "type": "yandex_compute_instance",
      "name": "wp-app-2",
      "provider": "provider[\"registry.terraform.io/yandex-cloud/yandex\"]",
      "instances": [
        {
          "schema_version": 1,
          "attributes": {
            "allow_stopping_for_update": null,
            "boot_disk": [
              {
                "auto_delete": true,
                "device_name": "epdkdmrl1job6lvb7ls8",
                "disk_id": "epdkdmrl1job6lvb7ls8",
                "initialize_params": [
                  {
                    "description": "",
                    "image_id": "fd80viupr3qjr5g6g9du",
                    "name": "",
                    "size": 3,
                    "snapshot_id": "",
                    "type": "network-hdd"
                  }
                ],
                "mode": "READ_WRITE"
              }
            ],
            "created_at": "2021-09-23T17:59:20Z",
            "description": "",
            "folder_id": "b1gbo5pbs49sm5h8c2j9",
            "fqdn": "epd8gcalcn86gi29ekpi.auto.internal",
            "hostname": "epd8gcalcn86gi29ekpi",
            "id": "epd8gcalcn86gi29ekpi",
            "labels": null,
            "metadata": {
              "ssh-keys": "ubuntu:ssh-rsa AAAAB3NzaC1yc2EAAAADAQABAAABgQC8MgiTVwLqitHoAB4uapy/X0JkP9f8LqXXbgtTnaP6OorbbftFAFy0pd632VvWL5V442wQ+pij+QTgOGGabZkb7sVrdARcA/wz7VM32+ymU2ISgdKhRy7hmj8/of+SyCt+l8rzojoClM2HwP6IZ5hahRbJGxG5RETlTHvV4lVDBvlNIC07LM4Gd+0Fp2sYROjEgbuaGaCpKWwUt2ESJJmyLlwtca5Xua9cCIZi9wczjxTh5ghLaPcS6q67XQHBtXDv+9h//74Q302MlG4bM7V4E+H46HGQu0rZeecMJ4jFjfLMuTVkAhXNbXDgJP3mf6Jz+51Y/UezQ+FQQdwqEysoSDF3oukSQtT0afPQLh3cSlOtpFCMYVvNdNeecUiApefx60MP1Ko9vfpQF7wyyKhfI49yRvq9gvb/ZfoU8NMdia04CW7aqGEYRI2LtHxOMv7FAJr/WHDdfnTqr22OZSNBsx+wFa3gkqm1EpuLqVqrlox7Q0Kx6hhskBkjzT7tgBM= viktor@ubuntu\n"
            },
            "name": "wp-app-2",
            "network_acceleration_type": "standard",
            "network_interface": [
              {
                "dns_record": [],
                "index": 0,
                "ip_address": "10.3.0.7",
                "ipv4": true,
                "ipv6": false,
                "ipv6_address": "",
                "ipv6_dns_record": [],
                "mac_address": "d0:0d:88:31:55:65",
                "nat": true,
                "nat_dns_record": [],
                "nat_ip_address": "62.84.120.83",
                "nat_ip_version": "IPV4",
                "security_group_ids": [],
                "subnet_id": "e2lstnd7isdckj5r31et"
              }
            ],
            "placement_policy": [
              {
                "placement_group_id": ""
              }
            ],
            "platform_id": "standard-v1",
            "resources": [
              {
                "core_fraction": 100,
                "cores": 2,
                "gpus": 0,
                "memory": 2
              }
            ],
            "scheduling_policy": [
              {
                "preemptible": false
              }
            ],
            "secondary_disk": [],
            "service_account_id": "",
            "status": "running",
            "timeouts": null,
            "zone": "ru-central1-b"
          },
          "sensitive_attributes": [],
          "private": "eyJlMmJmYjczMC1lY2FhLTExZTYtOGY4OC0zNDM2M2JjN2M0YzAiOnsiY3JlYXRlIjozMDAwMDAwMDAwMDAsImRlbGV0ZSI6MzAwMDAwMDAwMDAwLCJ1cGRhdGUiOjMwMDAwMDAwMDAwMH0sInNjaGVtYV92ZXJzaW9uIjoiMSJ9",
          "dependencies": [
            "yandex_vpc_network.wp-network",
            "yandex_vpc_subnet.wp-subnet-b"
          ]
        }
      ]
    },
    {
      "mode": "managed",
      "type": "yandex_lb_network_load_balancer",
      "name": "wp_lb",
      "provider": "provider[\"registry.terraform.io/yandex-cloud/yandex\"]",
      "instances": [
        {
          "schema_version": 0,
          "attributes": {
            "attached_target_group": [
              {
                "healthcheck": [
                  {
                    "healthy_threshold": 2,
                    "http_options": [
                      {
                        "path": "/health",
                        "port": 80
                      }
                    ],
                    "interval": 2,
                    "name": "http",
                    "tcp_options": [],
                    "timeout": 1,
                    "unhealthy_threshold": 2
                  }
                ],
                "target_group_id": "enphq83smocf2hblghuq"
              }
            ],
            "created_at": "2021-09-23T17:59:42Z",
            "description": "",
            "folder_id": "b1gbo5pbs49sm5h8c2j9",
            "id": "enpct8v8hc6v6krua7o4",
            "labels": null,
            "listener": [
              {
                "external_address_spec": [
                  {
                    "address": "62.84.122.139",
                    "ip_version": "ipv4"
                  }
                ],
                "internal_address_spec": [],
                "name": "wp-listener",
                "port": 22,
                "protocol": "tcp",
                "target_port": 22
              }
            ],
            "name": "wp-network-load-balancer",
            "region_id": "ru-central1",
            "timeouts": null,
            "type": "external"
          },
          "sensitive_attributes": [],
          "private": "eyJlMmJmYjczMC1lY2FhLTExZTYtOGY4OC0zNDM2M2JjN2M0YzAiOnsiY3JlYXRlIjozMDAwMDAwMDAwMDAsImRlbGV0ZSI6MzAwMDAwMDAwMDAwLCJ1cGRhdGUiOjMwMDAwMDAwMDAwMH19",
          "dependencies": [
            "yandex_compute_instance.wp-app-1",
            "yandex_compute_instance.wp-app-2",
            "yandex_lb_target_group.wp_tg",
            "yandex_vpc_network.wp-network",
            "yandex_vpc_subnet.wp-subnet-a",
            "yandex_vpc_subnet.wp-subnet-b"
          ]
        }
      ]
    },
    {
      "mode": "managed",
      "type": "yandex_lb_target_group",
      "name": "wp_tg",
      "provider": "provider[\"registry.terraform.io/yandex-cloud/yandex\"]",
      "instances": [
        {
          "schema_version": 0,
          "attributes": {
            "created_at": "2021-09-23T17:59:40Z",
            "description": "",
            "folder_id": "b1gbo5pbs49sm5h8c2j9",
            "id": "enphq83smocf2hblghuq",
            "labels": null,
            "name": "wp-target-group",
            "region_id": "ru-central1",
            "target": [
              {
                "address": "10.2.0.10",
                "subnet_id": "e9bm0fpuua4moqge9vsm"
              },
              {
                "address": "10.3.0.7",
                "subnet_id": "e2lstnd7isdckj5r31et"
              }
            ],
            "timeouts": null
          },
          "sensitive_attributes": [],
          "private": "eyJlMmJmYjczMC1lY2FhLTExZTYtOGY4OC0zNDM2M2JjN2M0YzAiOnsiY3JlYXRlIjozMDAwMDAwMDAwMDAsImRlbGV0ZSI6MzAwMDAwMDAwMDAwLCJ1cGRhdGUiOjMwMDAwMDAwMDAwMH19",
          "dependencies": [
            "yandex_compute_instance.wp-app-1",
            "yandex_compute_instance.wp-app-2",
            "yandex_vpc_network.wp-network",
            "yandex_vpc_subnet.wp-subnet-a",
            "yandex_vpc_subnet.wp-subnet-b"
          ]
        }
      ]
    },
    {
      "mode": "managed",
      "type": "yandex_vpc_network",
      "name": "wp-network",
      "provider": "provider[\"registry.terraform.io/yandex-cloud/yandex\"]",
      "instances": [
        {
          "schema_version": 0,
          "attributes": {
            "created_at": "2021-09-23T17:59:18Z",
            "default_security_group_id": "",
            "description": "",
            "folder_id": "b1gbo5pbs49sm5h8c2j9",
            "id": "enpnh6cfok0cipihhbut",
            "labels": {},
            "name": "wp-network",
            "subnet_ids": [],
            "timeouts": null
          },
          "sensitive_attributes": [],
          "private": "eyJlMmJmYjczMC1lY2FhLTExZTYtOGY4OC0zNDM2M2JjN2M0YzAiOnsiY3JlYXRlIjo2MDAwMDAwMDAwMCwiZGVsZXRlIjo2MDAwMDAwMDAwMCwidXBkYXRlIjo2MDAwMDAwMDAwMH19"
        }
      ]
    },
    {
      "mode": "managed",
      "type": "yandex_vpc_subnet",
      "name": "wp-subnet-a",
      "provider": "provider[\"registry.terraform.io/yandex-cloud/yandex\"]",
      "instances": [
        {
          "schema_version": 0,
          "attributes": {
            "created_at": "2021-09-23T17:59:20Z",
            "description": "",
            "dhcp_options": [],
            "folder_id": "b1gbo5pbs49sm5h8c2j9",
            "id": "e9bm0fpuua4moqge9vsm",
            "labels": {},
            "name": "wp-subnet-a",
            "network_id": "enpnh6cfok0cipihhbut",
            "route_table_id": "",
            "timeouts": null,
            "v4_cidr_blocks": [
              "10.2.0.0/16"
            ],
            "v6_cidr_blocks": [],
            "zone": "ru-central1-a"
          },
          "sensitive_attributes": [],
          "private": "eyJlMmJmYjczMC1lY2FhLTExZTYtOGY4OC0zNDM2M2JjN2M0YzAiOnsiY3JlYXRlIjoxODAwMDAwMDAwMDAsImRlbGV0ZSI6MTgwMDAwMDAwMDAwLCJ1cGRhdGUiOjE4MDAwMDAwMDAwMH19",
          "dependencies": [
            "yandex_vpc_network.wp-network"
          ]
        }
      ]
    },
    {
      "mode": "managed",
      "type": "yandex_vpc_subnet",
      "name": "wp-subnet-b",
      "provider": "provider[\"registry.terraform.io/yandex-cloud/yandex\"]",
      "instances": [
        {
          "schema_version": 0,
          "attributes": {
            "created_at": "2021-09-23T17:59:18Z",
            "description": "",
            "dhcp_options": [],
            "folder_id": "b1gbo5pbs49sm5h8c2j9",
            "id": "e2lstnd7isdckj5r31et",
            "labels": {},
            "name": "wp-subnet-b",
            "network_id": "enpnh6cfok0cipihhbut",
            "route_table_id": "",
            "timeouts": null,
            "v4_cidr_blocks": [
              "10.3.0.0/16"
            ],
            "v6_cidr_blocks": [],
            "zone": "ru-central1-b"
          },
          "sensitive_attributes": [],
          "private": "eyJlMmJmYjczMC1lY2FhLTExZTYtOGY4OC0zNDM2M2JjN2M0YzAiOnsiY3JlYXRlIjoxODAwMDAwMDAwMDAsImRlbGV0ZSI6MTgwMDAwMDAwMDAwLCJ1cGRhdGUiOjE4MDAwMDAwMDAwMH19",
          "dependencies": [
            "yandex_vpc_network.wp-network"
          ]
        }
      ]
    },
    {
      "mode": "managed",
      "type": "yandex_vpc_subnet",
      "name": "wp-subnet-c",
      "provider": "provider[\"registry.terraform.io/yandex-cloud/yandex\"]",
      "instances": [
        {
          "schema_version": 0,
          "attributes": {
            "created_at": "2021-09-23T17:59:19Z",
            "description": "",
            "dhcp_options": [],
            "folder_id": "b1gbo5pbs49sm5h8c2j9",
            "id": "b0c90501hldss933dkha",
            "labels": {},
            "name": "wp-subnet-c",
            "network_id": "enpnh6cfok0cipihhbut",
            "route_table_id": "",
            "timeouts": null,
            "v4_cidr_blocks": [
              "10.4.0.0/16"
            ],
            "v6_cidr_blocks": [],
            "zone": "ru-central1-c"
          },
          "sensitive_attributes": [],
          "private": "eyJlMmJmYjczMC1lY2FhLTExZTYtOGY4OC0zNDM2M2JjN2M0YzAiOnsiY3JlYXRlIjoxODAwMDAwMDAwMDAsImRlbGV0ZSI6MTgwMDAwMDAwMDAwLCJ1cGRhdGUiOjE4MDAwMDAwMDAwMH19",
          "dependencies": [
            "yandex_vpc_network.wp-network"
          ]
        }
      ]
    }
  ]
}
